
Microsoft Visual Studio Solution File, Format Version 12.00
VisualStudioVersion = 12.0.30501.0
MinimumVisualStudioVersion = 12.0.30501.0
Project("{8BC9CEB8-8B4A-11D0-8D11-00A0C91BC942}") = "libxml2", "libxml2.vcxproj", "{CFE70273-7A79-4815-AF95-1E02E2675E37}"
	ProjectSection(ProjectDependencies) = postProject
		{CA9A4A38-CC63-4BDB-8CFB-E058965DDA32} = {CA9A4A38-CC63-4BDB-8CFB-E058965DDA32}
		{85763F39-23DF-4C04-B7DF-7FBE3E7CF336} = {85763F39-23DF-4C04-B7DF-7FBE3E7CF336}
		{CB8BB76F-D3FF-434E-A85E-7FFC0893EC9B} = {CB8BB76F-D3FF-434E-A85E-7FFC0893EC9B}
	EndProjectSection
EndProject
Project("{2150E333-8FDC-42A3-9474-1A3956D46DE8}") = "dependencies", "dependencies", "{0898851D-2654-4160-AAF0-FF3BCE7321DA}"
EndProject
Project("{8BC9CEB8-8B4A-11D0-8D11-00A0C91BC942}") = "libiconv", "..\..\libiconv\SMP\libiconv.vcxproj", "{CB8BB76F-D3FF-434E-A85E-7FFC0893EC9B}"
EndProject
Project("{8BC9CEB8-8B4A-11D0-8D11-00A0C91BC942}") = "libzlib", "..\..\zlib\SMP\libzlib.vcxproj", "{CA9A4A38-CC63-4BDB-8CFB-E058965DDA32}"
EndProject
Project("{8BC9CEB8-8B4A-11D0-8D11-00A0C91BC942}") = "liblzma", "..\..\liblzma\SMP\liblzma.vcxproj", "{85763F39-23DF-4C04-B7DF-7FBE3E7CF336}"
EndProject
Global
	GlobalSection(SolutionConfigurationPlatforms) = preSolution
		Debug|x64 = Debug|x64
		Debug|x86 = Debug|x86
		DebugDLL|x64 = DebugDLL|x64
		DebugDLL|x86 = DebugDLL|x86
		DebugDLLWinRT|x64 = DebugDLLWinRT|x64
		DebugDLLWinRT|x86 = DebugDLLWinRT|x86
		DebugWinRT|x64 = DebugWinRT|x64
		DebugWinRT|x86 = DebugWinRT|x86
		Release|x64 = Release|x64
		Release|x86 = Release|x86
		ReleaseDLL|x64 = ReleaseDLL|x64
		ReleaseDLL|x86 = ReleaseDLL|x86
		ReleaseDLLStaticDeps|x64 = ReleaseDLLStaticDeps|x64
		ReleaseDLLStaticDeps|x86 = ReleaseDLLStaticDeps|x86
		ReleaseDLLWinRT|x64 = ReleaseDLLWinRT|x64
		ReleaseDLLWinRT|x86 = ReleaseDLLWinRT|x86
		ReleaseDLLWinRTStaticDeps|x64 = ReleaseDLLWinRTStaticDeps|x64
		ReleaseDLLWinRTStaticDeps|x86 = ReleaseDLLWinRTStaticDeps|x86
		ReleaseWinRT|x64 = ReleaseWinRT|x64
		ReleaseWinRT|x86 = ReleaseWinRT|x86
	EndGlobalSection
	GlobalSection(ProjectConfigurationPlatforms) = postSolution
		{CFE70273-7A79-4815-AF95-1E02E2675E37}.Debug|x64.ActiveCfg = Debug|x64
		{CFE70273-7A79-4815-AF95-1E02E2675E37}.Debug|x64.Build.0 = Debug|x64
		{CFE70273-7A79-4815-AF95-1E02E2675E37}.Debug|x86.ActiveCfg = Debug|Win32
		{CFE70273-7A79-4815-AF95-1E02E2675E37}.Debug|x86.Build.0 = Debug|Win32
		{CFE70273-7A79-4815-AF95-1E02E2675E37}.DebugDLL|x64.ActiveCfg = DebugDLL|x64
		{CFE70273-7A79-4815-AF95-1E02E2675E37}.DebugDLL|x64.Build.0 = DebugDLL|x64
		{CFE70273-7A79-4815-AF95-1E02E2675E37}.DebugDLL|x86.ActiveCfg = DebugDLL|Win32
		{CFE70273-7A79-4815-AF95-1E02E2675E37}.DebugDLL|x86.Build.0 = DebugDLL|Win32
		{CFE70273-7A79-4815-AF95-1E02E2675E37}.DebugDLLWinRT|x64.ActiveCfg = DebugDLLWinRT|x64
		{CFE70273-7A79-4815-AF95-1E02E2675E37}.DebugDLLWinRT|x64.Build.0 = DebugDLLWinRT|x64
		{CFE70273-7A79-4815-AF95-1E02E2675E37}.DebugDLLWinRT|x86.ActiveCfg = DebugDLLWinRT|Win32
		{CFE70273-7A79-4815-AF95-1E02E2675E37}.DebugDLLWinRT|x86.Build.0 = DebugDLLWinRT|Win32
		{CFE70273-7A79-4815-AF95-1E02E2675E37}.DebugWinRT|x64.ActiveCfg = DebugWinRT|x64
		{CFE70273-7A79-4815-AF95-1E02E2675E37}.DebugWinRT|x64.Build.0 = DebugWinRT|x64
		{CFE70273-7A79-4815-AF95-1E02E2675E37}.DebugWinRT|x86.ActiveCfg = DebugWinRT|Win32
		{CFE70273-7A79-4815-AF95-1E02E2675E37}.DebugWinRT|x86.Build.0 = DebugWinRT|Win32
		{CFE70273-7A79-4815-AF95-1E02E2675E37}.Release|x64.ActiveCfg = Release|x64
		{CFE70273-7A79-4815-AF95-1E02E2675E37}.Release|x64.Build.0 = Release|x64
		{CFE70273-7A79-4815-AF95-1E02E2675E37}.Release|x86.ActiveCfg = Release|Win32
		{CFE70273-7A79-4815-AF95-1E02E2675E37}.Release|x86.Build.0 = Release|Win32
		{CFE70273-7A79-4815-AF95-1E02E2675E37}.ReleaseDLL|x64.ActiveCfg = ReleaseDLL|x64
		{CFE70273-7A79-4815-AF95-1E02E2675E37}.ReleaseDLL|x64.Build.0 = ReleaseDLL|x64
		{CFE70273-7A79-4815-AF95-1E02E2675E37}.ReleaseDLL|x86.ActiveCfg = ReleaseDLL|Win32
		{CFE70273-7A79-4815-AF95-1E02E2675E37}.ReleaseDLL|x86.Build.0 = ReleaseDLL|Win32
		{CFE70273-7A79-4815-AF95-1E02E2675E37}.ReleaseDLLStaticDeps|x64.ActiveCfg = ReleaseDLLStaticDeps|x64
		{CFE70273-7A79-4815-AF95-1E02E2675E37}.ReleaseDLLStaticDeps|x64.Build.0 = ReleaseDLLStaticDeps|x64
		{CFE70273-7A79-4815-AF95-1E02E2675E37}.ReleaseDLLStaticDeps|x86.ActiveCfg = ReleaseDLLStaticDeps|Win32
		{CFE70273-7A79-4815-AF95-1E02E2675E37}.ReleaseDLLStaticDeps|x86.Build.0 = ReleaseDLLStaticDeps|Win32
		{CFE70273-7A79-4815-AF95-1E02E2675E37}.ReleaseDLLWinRT|x64.ActiveCfg = ReleaseDLLWinRT|x64
		{CFE70273-7A79-4815-AF95-1E02E2675E37}.ReleaseDLLWinRT|x64.Build.0 = ReleaseDLLWinRT|x64
		{CFE70273-7A79-4815-AF95-1E02E2675E37}.ReleaseDLLWinRT|x86.ActiveCfg = ReleaseDLLWinRT|Win32
		{CFE70273-7A79-4815-AF95-1E02E2675E37}.ReleaseDLLWinRT|x86.Build.0 = ReleaseDLLWinRT|Win32
		{CFE70273-7A79-4815-AF95-1E02E2675E37}.ReleaseDLLWinRTStaticDeps|x64.ActiveCfg = ReleaseDLLWinRTStaticDeps|x64
		{CFE70273-7A79-4815-AF95-1E02E2675E37}.ReleaseDLLWinRTStaticDeps|x64.Build.0 = ReleaseDLLWinRTStaticDeps|x64
		{CFE70273-7A79-4815-AF95-1E02E2675E37}.ReleaseDLLWinRTStaticDeps|x86.ActiveCfg = ReleaseDLLWinRTStaticDeps|Win32
		{CFE70273-7A79-4815-AF95-1E02E2675E37}.ReleaseDLLWinRTStaticDeps|x86.Build.0 = ReleaseDLLWinRTStaticDeps|Win32
		{CFE70273-7A79-4815-AF95-1E02E2675E37}.ReleaseWinRT|x64.ActiveCfg = ReleaseWinRT|x64
		{CFE70273-7A79-4815-AF95-1E02E2675E37}.ReleaseWinRT|x64.Build.0 = ReleaseWinRT|x64
		{CFE70273-7A79-4815-AF95-1E02E2675E37}.ReleaseWinRT|x86.ActiveCfg = ReleaseWinRT|Win32
		{CFE70273-7A79-4815-AF95-1E02E2675E37}.ReleaseWinRT|x86.Build.0 = ReleaseWinRT|Win32
		{CB8BB76F-D3FF-434E-A85E-7FFC0893EC9B}.Debug|x64.ActiveCfg = Debug|x64
		{CB8BB76F-D3FF-434E-A85E-7FFC0893EC9B}.Debug|x64.Build.0 = Debug|x64
		{CB8BB76F-D3FF-434E-A85E-7FFC0893EC9B}.Debug|x86.ActiveCfg = Debug|Win32
		{CB8BB76F-D3FF-434E-A85E-7FFC0893EC9B}.Debug|x86.Build.0 = Debug|Win32
		{CB8BB76F-D3FF-434E-A85E-7FFC0893EC9B}.DebugDLL|x64.ActiveCfg = DebugDLL|x64
		{CB8BB76F-D3FF-434E-A85E-7FFC0893EC9B}.DebugDLL|x64.Build.0 = DebugDLL|x64
		{CB8BB76F-D3FF-434E-A85E-7FFC0893EC9B}.DebugDLL|x86.ActiveCfg = DebugDLL|Win32
		{CB8BB76F-D3FF-434E-A85E-7FFC0893EC9B}.DebugDLL|x86.Build.0 = DebugDLL|Win32
		{CB8BB76F-D3FF-434E-A85E-7FFC0893EC9B}.DebugDLLWinRT|x64.ActiveCfg = DebugDLLWinRT|x64
		{CB8BB76F-D3FF-434E-A85E-7FFC0893EC9B}.DebugDLLWinRT|x64.Build.0 = DebugDLLWinRT|x64
		{CB8BB76F-D3FF-434E-A85E-7FFC0893EC9B}.DebugDLLWinRT|x64.Deploy.0 = DebugDLLWinRT|x64
		{CB8BB76F-D3FF-434E-A85E-7FFC0893EC9B}.DebugDLLWinRT|x86.ActiveCfg = DebugDLLWinRT|Win32
		{CB8BB76F-D3FF-434E-A85E-7FFC0893EC9B}.DebugDLLWinRT|x86.Build.0 = DebugDLLWinRT|Win32
		{CB8BB76F-D3FF-434E-A85E-7FFC0893EC9B}.DebugDLLWinRT|x86.Deploy.0 = DebugDLLWinRT|Win32
		{CB8BB76F-D3FF-434E-A85E-7FFC0893EC9B}.DebugWinRT|x64.ActiveCfg = DebugWinRT|x64
		{CB8BB76F-D3FF-434E-A85E-7FFC0893EC9B}.DebugWinRT|x64.Build.0 = DebugWinRT|x64
		{CB8BB76F-D3FF-434E-A85E-7FFC0893EC9B}.DebugWinRT|x64.Deploy.0 = DebugWinRT|x64
		{CB8BB76F-D3FF-434E-A85E-7FFC0893EC9B}.DebugWinRT|x86.ActiveCfg = DebugWinRT|Win32
		{CB8BB76F-D3FF-434E-A85E-7FFC0893EC9B}.DebugWinRT|x86.Build.0 = DebugWinRT|Win32
		{CB8BB76F-D3FF-434E-A85E-7FFC0893EC9B}.DebugWinRT|x86.Deploy.0 = DebugWinRT|Win32
		{CB8BB76F-D3FF-434E-A85E-7FFC0893EC9B}.Release|x64.ActiveCfg = Release|x64
		{CB8BB76F-D3FF-434E-A85E-7FFC0893EC9B}.Release|x64.Build.0 = Release|x64
		{CB8BB76F-D3FF-434E-A85E-7FFC0893EC9B}.Release|x86.ActiveCfg = Release|Win32
		{CB8BB76F-D3FF-434E-A85E-7FFC0893EC9B}.Release|x86.Build.0 = Release|Win32
		{CB8BB76F-D3FF-434E-A85E-7FFC0893EC9B}.ReleaseDLL|x64.ActiveCfg = ReleaseDLL|x64
		{CB8BB76F-D3FF-434E-A85E-7FFC0893EC9B}.ReleaseDLL|x64.Build.0 = ReleaseDLL|x64
		{CB8BB76F-D3FF-434E-A85E-7FFC0893EC9B}.ReleaseDLL|x86.ActiveCfg = ReleaseDLL|Win32
		{CB8BB76F-D3FF-434E-A85E-7FFC0893EC9B}.ReleaseDLL|x86.Build.0 = ReleaseDLL|Win32
		{CB8BB76F-D3FF-434E-A85E-7FFC0893EC9B}.ReleaseDLLStaticDeps|x64.ActiveCfg = Release|x64
		{CB8BB76F-D3FF-434E-A85E-7FFC0893EC9B}.ReleaseDLLStaticDeps|x64.Build.0 = Release|x64
		{CB8BB76F-D3FF-434E-A85E-7FFC0893EC9B}.ReleaseDLLStaticDeps|x86.ActiveCfg = Release|Win32
		{CB8BB76F-D3FF-434E-A85E-7FFC0893EC9B}.ReleaseDLLStaticDeps|x86.Build.0 = Release|Win32
		{CB8BB76F-D3FF-434E-A85E-7FFC0893EC9B}.ReleaseDLLWinRT|x64.ActiveCfg = ReleaseDLLWinRT|x64
		{CB8BB76F-D3FF-434E-A85E-7FFC0893EC9B}.ReleaseDLLWinRT|x64.Build.0 = ReleaseDLLWinRT|x64
		{CB8BB76F-D3FF-434E-A85E-7FFC0893EC9B}.ReleaseDLLWinRT|x64.Deploy.0 = ReleaseDLLWinRT|x64
		{CB8BB76F-D3FF-434E-A85E-7FFC0893EC9B}.ReleaseDLLWinRT|x86.ActiveCfg = ReleaseDLLWinRT|Win32
		{CB8BB76F-D3FF-434E-A85E-7FFC0893EC9B}.ReleaseDLLWinRT|x86.Build.0 = ReleaseDLLWinRT|Win32
		{CB8BB76F-D3FF-434E-A85E-7FFC0893EC9B}.ReleaseDLLWinRT|x86.Deploy.0 = ReleaseDLLWinRT|Win32
		{CB8BB76F-D3FF-434E-A85E-7FFC0893EC9B}.ReleaseDLLWinRTStaticDeps|x64.ActiveCfg = ReleaseWinRT|x64
		{CB8BB76F-D3FF-434E-A85E-7FFC0893EC9B}.ReleaseDLLWinRTStaticDeps|x64.Build.0 = ReleaseWinRT|x64
		{CB8BB76F-D3FF-434E-A85E-7FFC0893EC9B}.ReleaseDLLWinRTStaticDeps|x64.Deploy.0 = ReleaseWinRT|x64
		{CB8BB76F-D3FF-434E-A85E-7FFC0893EC9B}.ReleaseDLLWinRTStaticDeps|x86.ActiveCfg = ReleaseWinRT|Win32
		{CB8BB76F-D3FF-434E-A85E-7FFC0893EC9B}.ReleaseDLLWinRTStaticDeps|x86.Build.0 = ReleaseWinRT|Win32
		{CB8BB76F-D3FF-434E-A85E-7FFC0893EC9B}.ReleaseDLLWinRTStaticDeps|x86.Deploy.0 = ReleaseWinRT|Win32
		{CB8BB76F-D3FF-434E-A85E-7FFC0893EC9B}.ReleaseWinRT|x64.ActiveCfg = ReleaseWinRT|x64
		{CB8BB76F-D3FF-434E-A85E-7FFC0893EC9B}.ReleaseWinRT|x64.Build.0 = ReleaseWinRT|x64
		{CB8BB76F-D3FF-434E-A85E-7FFC0893EC9B}.ReleaseWinRT|x64.Deploy.0 = ReleaseWinRT|x64
		{CB8BB76F-D3FF-434E-A85E-7FFC0893EC9B}.ReleaseWinRT|x86.ActiveCfg = ReleaseWinRT|Win32
		{CB8BB76F-D3FF-434E-A85E-7FFC0893EC9B}.ReleaseWinRT|x86.Build.0 = ReleaseWinRT|Win32
		{CB8BB76F-D3FF-434E-A85E-7FFC0893EC9B}.ReleaseWinRT|x86.Deploy.0 = ReleaseWinRT|Win32
		{CA9A4A38-CC63-4BDB-8CFB-E058965DDA32}.Debug|x64.ActiveCfg = Debug|x64
		{CA9A4A38-CC63-4BDB-8CFB-E058965DDA32}.Debug|x64.Build.0 = Debug|x64
		{CA9A4A38-CC63-4BDB-8CFB-E058965DDA32}.Debug|x86.ActiveCfg = Debug|Win32
		{CA9A4A38-CC63-4BDB-8CFB-E058965DDA32}.Debug|x86.Build.0 = Debug|Win32
		{CA9A4A38-CC63-4BDB-8CFB-E058965DDA32}.DebugDLL|x64.ActiveCfg = DebugDLL|x64
		{CA9A4A38-CC63-4BDB-8CFB-E058965DDA32}.DebugDLL|x64.Build.0 = DebugDLL|x64
		{CA9A4A38-CC63-4BDB-8CFB-E058965DDA32}.DebugDLL|x86.ActiveCfg = DebugDLL|Win32
		{CA9A4A38-CC63-4BDB-8CFB-E058965DDA32}.DebugDLL|x86.Build.0 = DebugDLL|Win32
		{CA9A4A38-CC63-4BDB-8CFB-E058965DDA32}.DebugDLLWinRT|x64.ActiveCfg = DebugDLLWinRT|x64
		{CA9A4A38-CC63-4BDB-8CFB-E058965DDA32}.DebugDLLWinRT|x64.Build.0 = DebugDLLWinRT|x64
		{CA9A4A38-CC63-4BDB-8CFB-E058965DDA32}.DebugDLLWinRT|x64.Deploy.0 = DebugDLLWinRT|x64
		{CA9A4A38-CC63-4BDB-8CFB-E058965DDA32}.DebugDLLWinRT|x86.ActiveCfg = DebugDLLWinRT|Win32
		{CA9A4A38-CC63-4BDB-8CFB-E058965DDA32}.DebugDLLWinRT|x86.Build.0 = DebugDLLWinRT|Win32
		{CA9A4A38-CC63-4BDB-8CFB-E058965DDA32}.DebugDLLWinRT|x86.Deploy.0 = DebugDLLWinRT|Win32
		{CA9A4A38-CC63-4BDB-8CFB-E058965DDA32}.DebugWinRT|x64.ActiveCfg = DebugWinRT|x64
		{CA9A4A38-CC63-4BDB-8CFB-E058965DDA32}.DebugWinRT|x64.Build.0 = DebugWinRT|x64
		{CA9A4A38-CC63-4BDB-8CFB-E058965DDA32}.DebugWinRT|x64.Deploy.0 = DebugWinRT|x64
		{CA9A4A38-CC63-4BDB-8CFB-E058965DDA32}.DebugWinRT|x86.ActiveCfg = DebugWinRT|Win32
		{CA9A4A38-CC63-4BDB-8CFB-E058965DDA32}.DebugWinRT|x86.Build.0 = DebugWinRT|Win32
		{CA9A4A38-CC63-4BDB-8CFB-E058965DDA32}.DebugWinRT|x86.Deploy.0 = DebugWinRT|Win32
		{CA9A4A38-CC63-4BDB-8CFB-E058965DDA32}.Release|x64.ActiveCfg = Release|x64
		{CA9A4A38-CC63-4BDB-8CFB-E058965DDA32}.Release|x64.Build.0 = Release|x64
		{CA9A4A38-CC63-4BDB-8CFB-E058965DDA32}.Release|x86.ActiveCfg = Release|Win32
		{CA9A4A38-CC63-4BDB-8CFB-E058965DDA32}.Release|x86.Build.0 = Release|Win32
		{CA9A4A38-CC63-4BDB-8CFB-E058965DDA32}.ReleaseDLL|x64.ActiveCfg = ReleaseDLL|x64
		{CA9A4A38-CC63-4BDB-8CFB-E058965DDA32}.ReleaseDLL|x64.Build.0 = ReleaseDLL|x64
		{CA9A4A38-CC63-4BDB-8CFB-E058965DDA32}.ReleaseDLL|x86.ActiveCfg = ReleaseDLL|Win32
		{CA9A4A38-CC63-4BDB-8CFB-E058965DDA32}.ReleaseDLL|x86.Build.0 = ReleaseDLL|Win32
		{CA9A4A38-CC63-4BDB-8CFB-E058965DDA32}.ReleaseDLLStaticDeps|x64.ActiveCfg = Release|x64
		{CA9A4A38-CC63-4BDB-8CFB-E058965DDA32}.ReleaseDLLStaticDeps|x64.Build.0 = Release|x64
		{CA9A4A38-CC63-4BDB-8CFB-E058965DDA32}.ReleaseDLLStaticDeps|x86.ActiveCfg = Release|Win32
		{CA9A4A38-CC63-4BDB-8CFB-E058965DDA32}.ReleaseDLLStaticDeps|x86.Build.0 = Release|Win32
		{CA9A4A38-CC63-4BDB-8CFB-E058965DDA32}.ReleaseDLLWinRT|x64.ActiveCfg = ReleaseDLLWinRT|x64
		{CA9A4A38-CC63-4BDB-8CFB-E058965DDA32}.ReleaseDLLWinRT|x64.Build.0 = ReleaseDLLWinRT|x64
		{CA9A4A38-CC63-4BDB-8CFB-E058965DDA32}.ReleaseDLLWinRT|x64.Deploy.0 = ReleaseDLLWinRT|x64
		{CA9A4A38-CC63-4BDB-8CFB-E058965DDA32}.ReleaseDLLWinRT|x86.ActiveCfg = ReleaseDLLWinRT|Win32
		{CA9A4A38-CC63-4BDB-8CFB-E058965DDA32}.ReleaseDLLWinRT|x86.Build.0 = ReleaseDLLWinRT|Win32
		{CA9A4A38-CC63-4BDB-8CFB-E058965DDA32}.ReleaseDLLWinRT|x86.Deploy.0 = ReleaseDLLWinRT|Win32
		{CA9A4A38-CC63-4BDB-8CFB-E058965DDA32}.ReleaseDLLWinRTStaticDeps|x64.ActiveCfg = ReleaseWinRT|x64
		{CA9A4A38-CC63-4BDB-8CFB-E058965DDA32}.ReleaseDLLWinRTStaticDeps|x64.Build.0 = ReleaseWinRT|x64
		{CA9A4A38-CC63-4BDB-8CFB-E058965DDA32}.ReleaseDLLWinRTStaticDeps|x64.Deploy.0 = ReleaseWinRT|x64
		{CA9A4A38-CC63-4BDB-8CFB-E058965DDA32}.ReleaseDLLWinRTStaticDeps|x86.ActiveCfg = ReleaseWinRT|Win32
		{CA9A4A38-CC63-4BDB-8CFB-E058965DDA32}.ReleaseDLLWinRTStaticDeps|x86.Build.0 = ReleaseWinRT|Win32
		{CA9A4A38-CC63-4BDB-8CFB-E058965DDA32}.ReleaseDLLWinRTStaticDeps|x86.Deploy.0 = ReleaseWinRT|Win32
		{CA9A4A38-CC63-4BDB-8CFB-E058965DDA32}.ReleaseWinRT|x64.ActiveCfg = ReleaseWinRT|x64
		{CA9A4A38-CC63-4BDB-8CFB-E058965DDA32}.ReleaseWinRT|x64.Build.0 = ReleaseWinRT|x64
		{CA9A4A38-CC63-4BDB-8CFB-E058965DDA32}.ReleaseWinRT|x64.Deploy.0 = ReleaseWinRT|x64
		{CA9A4A38-CC63-4BDB-8CFB-E058965DDA32}.ReleaseWinRT|x86.ActiveCfg = ReleaseWinRT|Win32
		{CA9A4A38-CC63-4BDB-8CFB-E058965DDA32}.ReleaseWinRT|x86.Build.0 = ReleaseWinRT|Win32
		{CA9A4A38-CC63-4BDB-8CFB-E058965DDA32}.ReleaseWinRT|x86.Deploy.0 = ReleaseWinRT|Win32
		{85763F39-23DF-4C04-B7DF-7FBE3E7CF336}.Debug|x64.ActiveCfg = Debug|x64
		{85763F39-23DF-4C04-B7DF-7FBE3E7CF336}.Debug|x64.Build.0 = Debug|x64
		{85763F39-23DF-4C04-B7DF-7FBE3E7CF336}.Debug|x86.ActiveCfg = Debug|Win32
		{85763F39-23DF-4C04-B7DF-7FBE3E7CF336}.Debug|x86.Build.0 = Debug|Win32
		{85763F39-23DF-4C04-B7DF-7FBE3E7CF336}.DebugDLL|x64.ActiveCfg = DebugDLL|x64
		{85763F39-23DF-4C04-B7DF-7FBE3E7CF336}.DebugDLL|x64.Build.0 = DebugDLL|x64
		{85763F39-23DF-4C04-B7DF-7FBE3E7CF336}.DebugDLL|x86.ActiveCfg = DebugDLL|Win32
		{85763F39-23DF-4C04-B7DF-7FBE3E7CF336}.DebugDLL|x86.Build.0 = DebugDLL|Win32
		{85763F39-23DF-4C04-B7DF-7FBE3E7CF336}.DebugDLLWinRT|x64.ActiveCfg = DebugDLLWinRT|x64
		{85763F39-23DF-4C04-B7DF-7FBE3E7CF336}.DebugDLLWinRT|x64.Build.0 = DebugDLLWinRT|x64
		{85763F39-23DF-4C04-B7DF-7FBE3E7CF336}.DebugDLLWinRT|x64.Deploy.0 = DebugDLLWinRT|x64
		{85763F39-23DF-4C04-B7DF-7FBE3E7CF336}.DebugDLLWinRT|x86.ActiveCfg = DebugDLLWinRT|Win32
		{85763F39-23DF-4C04-B7DF-7FBE3E7CF336}.DebugDLLWinRT|x86.Build.0 = DebugDLLWinRT|Win32
		{85763F39-23DF-4C04-B7DF-7FBE3E7CF336}.DebugDLLWinRT|x86.Deploy.0 = DebugDLLWinRT|Win32
		{85763F39-23DF-4C04-B7DF-7FBE3E7CF336}.DebugWinRT|x64.ActiveCfg = DebugWinRT|x64
		{85763F39-23DF-4C04-B7DF-7FBE3E7CF336}.DebugWinRT|x64.Build.0 = DebugWinRT|x64
		{85763F39-23DF-4C04-B7DF-7FBE3E7CF336}.DebugWinRT|x64.Deploy.0 = DebugWinRT|x64
		{85763F39-23DF-4C04-B7DF-7FBE3E7CF336}.DebugWinRT|x86.ActiveCfg = DebugWinRT|Win32
		{85763F39-23DF-4C04-B7DF-7FBE3E7CF336}.DebugWinRT|x86.Build.0 = DebugWinRT|Win32
		{85763F39-23DF-4C04-B7DF-7FBE3E7CF336}.DebugWinRT|x86.Deploy.0 = DebugWinRT|Win32
		{85763F39-23DF-4C04-B7DF-7FBE3E7CF336}.Release|x64.ActiveCfg = Release|x64
		{85763F39-23DF-4C04-B7DF-7FBE3E7CF336}.Release|x64.Build.0 = Release|x64
		{85763F39-23DF-4C04-B7DF-7FBE3E7CF336}.Release|x86.ActiveCfg = Release|Win32
		{85763F39-23DF-4C04-B7DF-7FBE3E7CF336}.Release|x86.Build.0 = Release|Win32
		{85763F39-23DF-4C04-B7DF-7FBE3E7CF336}.ReleaseDLL|x64.ActiveCfg = ReleaseDLL|x64
		{85763F39-23DF-4C04-B7DF-7FBE3E7CF336}.ReleaseDLL|x64.Build.0 = ReleaseDLL|x64
		{85763F39-23DF-4C04-B7DF-7FBE3E7CF336}.ReleaseDLL|x86.ActiveCfg = ReleaseDLL|Win32
		{85763F39-23DF-4C04-B7DF-7FBE3E7CF336}.ReleaseDLL|x86.Build.0 = ReleaseDLL|Win32
		{85763F39-23DF-4C04-B7DF-7FBE3E7CF336}.ReleaseDLLStaticDeps|x64.ActiveCfg = Release|x64
		{85763F39-23DF-4C04-B7DF-7FBE3E7CF336}.ReleaseDLLStaticDeps|x64.Build.0 = Release|x64
		{85763F39-23DF-4C04-B7DF-7FBE3E7CF336}.ReleaseDLLStaticDeps|x86.ActiveCfg = Release|Win32
		{85763F39-23DF-4C04-B7DF-7FBE3E7CF336}.ReleaseDLLStaticDeps|x86.Build.0 = Release|Win32
		{85763F39-23DF-4C04-B7DF-7FBE3E7CF336}.ReleaseDLLWinRT|x64.ActiveCfg = ReleaseDLLWinRT|x64
		{85763F39-23DF-4C04-B7DF-7FBE3E7CF336}.ReleaseDLLWinRT|x64.Build.0 = ReleaseDLLWinRT|x64
		{85763F39-23DF-4C04-B7DF-7FBE3E7CF336}.ReleaseDLLWinRT|x64.Deploy.0 = ReleaseDLLWinRT|x64
		{85763F39-23DF-4C04-B7DF-7FBE3E7CF336}.ReleaseDLLWinRT|x86.ActiveCfg = ReleaseDLLWinRT|Win32
		{85763F39-23DF-4C04-B7DF-7FBE3E7CF336}.ReleaseDLLWinRT|x86.Build.0 = ReleaseDLLWinRT|Win32
		{85763F39-23DF-4C04-B7DF-7FBE3E7CF336}.ReleaseDLLWinRT|x86.Deploy.0 = ReleaseDLLWinRT|Win32
		{85763F39-23DF-4C04-B7DF-7FBE3E7CF336}.ReleaseDLLWinRTStaticDeps|x64.ActiveCfg = ReleaseWinRT|x64
		{85763F39-23DF-4C04-B7DF-7FBE3E7CF336}.ReleaseDLLWinRTStaticDeps|x64.Build.0 = ReleaseWinRT|x64
		{85763F39-23DF-4C04-B7DF-7FBE3E7CF336}.ReleaseDLLWinRTStaticDeps|x64.Deploy.0 = ReleaseWinRT|x64
		{85763F39-23DF-4C04-B7DF-7FBE3E7CF336}.ReleaseDLLWinRTStaticDeps|x86.ActiveCfg = ReleaseWinRT|Win32
		{85763F39-23DF-4C04-B7DF-7FBE3E7CF336}.ReleaseDLLWinRTStaticDeps|x86.Build.0 = ReleaseWinRT|Win32
		{85763F39-23DF-4C04-B7DF-7FBE3E7CF336}.ReleaseDLLWinRTStaticDeps|x86.Deploy.0 = ReleaseWinRT|Win32
		{85763F39-23DF-4C04-B7DF-7FBE3E7CF336}.ReleaseWinRT|x64.ActiveCfg = ReleaseWinRT|x64
		{85763F39-23DF-4C04-B7DF-7FBE3E7CF336}.ReleaseWinRT|x64.Build.0 = ReleaseWinRT|x64
		{85763F39-23DF-4C04-B7DF-7FBE3E7CF336}.ReleaseWinRT|x64.Deploy.0 = ReleaseWinRT|x64
		{85763F39-23DF-4C04-B7DF-7FBE3E7CF336}.ReleaseWinRT|x86.ActiveCfg = ReleaseWinRT|Win32
		{85763F39-23DF-4C04-B7DF-7FBE3E7CF336}.ReleaseWinRT|x86.Build.0 = ReleaseWinRT|Win32
		{85763F39-23DF-4C04-B7DF-7FBE3E7CF336}.ReleaseWinRT|x86.Deploy.0 = ReleaseWinRT|Win32
	EndGlobalSection
	GlobalSection(SolutionProperties) = preSolution
		HideSolutionNode = FALSE
	EndGlobalSection
	GlobalSection(NestedProjects) = preSolution
		{CB8BB76F-D3FF-434E-A85E-7FFC0893EC9B} = {0898851D-2654-4160-AAF0-FF3BCE7321DA}
		{CA9A4A38-CC63-4BDB-8CFB-E058965DDA32} = {0898851D-2654-4160-AAF0-FF3BCE7321DA}
		{85763F39-23DF-4C04-B7DF-7FBE3E7CF336} = {0898851D-2654-4160-AAF0-FF3BCE7321DA}
	EndGlobalSection
	GlobalSection(ExtensibilityGlobals) = postSolution
		SolutionGuid = {B2E3499C-340B-451D-B165-10FDC1BB7FF3}
	EndGlobalSection
EndGlobal
